
Microsoft Visual Studio Solution File, Format Version 12.00
# Visual Studio 15
VisualStudioVersion = 15.0.28307.489
MinimumVisualStudioVersion = 10.0.40219.1
Project("{2150E333-8FDC-42A3-9474-1A3956D46DE8}") = "src", "src", "{CC669D66-7C4C-4BAA-A2DA-7270157285AC}"
EndProject
Project("{9A19103F-16F7-4668-BE54-9A1E7A4F7556}") = "DotNetWebApiService", "src\DotNetWebApiService\DotNetWebApiService.csproj", "{2161AEA5-37B7-4341-A2DD-0CD55B2557F2}"
EndProject
Project("{2150E333-8FDC-42A3-9474-1A3956D46DE8}") = "tests", "tests", "{05DE84FE-69DC-4F32-8592-E26635D53678}"
EndProject
Project("{FAE04EC0-301F-11D3-BF4B-00C04F79EFBC}") = "DotNetWebApi.UnitTests", "tests\DotNetWebApi.UnitTests\DotNetWebApi.UnitTests.csproj", "{45660D7C-9573-4DC9-8D90-527B95A2E210}"
EndProject
Global
	GlobalSection(SolutionConfigurationPlatforms) = preSolution
		Debug|Any CPU = Debug|Any CPU
		Release|Any CPU = Release|Any CPU
	EndGlobalSection
	GlobalSection(ProjectConfigurationPlatforms) = postSolution
		{2161AEA5-37B7-4341-A2DD-0CD55B2557F2}.Debug|Any CPU.ActiveCfg = Debug|Any CPU
		{2161AEA5-37B7-4341-A2DD-0CD55B2557F2}.Debug|Any CPU.Build.0 = Debug|Any CPU
		{2161AEA5-37B7-4341-A2DD-0CD55B2557F2}.Release|Any CPU.ActiveCfg = Release|Any CPU
		{2161AEA5-37B7-4341-A2DD-0CD55B2557F2}.Release|Any CPU.Build.0 = Release|Any CPU
		{45660D7C-9573-4DC9-8D90-527B95A2E210}.Debug|Any CPU.ActiveCfg = Debug|Any CPU
		{45660D7C-9573-4DC9-8D90-527B95A2E210}.Debug|Any CPU.Build.0 = Debug|Any CPU
		{45660D7C-9573-4DC9-8D90-527B95A2E210}.Release|Any CPU.ActiveCfg = Release|Any CPU
		{45660D7C-9573-4DC9-8D90-527B95A2E210}.Release|Any CPU.Build.0 = Release|Any CPU
	EndGlobalSection
	GlobalSection(SolutionProperties) = preSolution
		HideSolutionNode = FALSE
	EndGlobalSection
	GlobalSection(NestedProjects) = preSolution
		{45660D7C-9573-4DC9-8D90-527B95A2E210} = {05DE84FE-69DC-4F32-8592-E26635D53678}
	EndGlobalSection
	GlobalSection(ExtensibilityGlobals) = postSolution
		SolutionGuid = {A8F28394-D229-4F5B-AD7A-FEC9E0E97BCB}
	EndGlobalSection
EndGlobal
